
Microsoft Visual Studio Solution File, Format Version 12.00
Project("{FAE04EC0-301F-11D3-BF4B-00C04F79EFBC}") = "SIS.Canil.Negocio", "SIS.Canil.Negocio\SIS.Canil.Negocio.csproj", "{BA42BB25-FE76-4E5B-A6A3-3A4538CA7136}"
EndProject
Project("{FAE04EC0-301F-11D3-BF4B-00C04F79EFBC}") = "SIS.Canil.BancoDeDados", "SIS.Canil.BancoDeDados\SIS.Canil.BancoDeDados.csproj", "{F44951FA-F8AA-438B-8C56-712161AA1DF2}"
EndProject
Project("{FAE04EC0-301F-11D3-BF4B-00C04F79EFBC}") = "SIS.Canil.Testes", "SIS.Canil.Testes\SIS.Canil.Testes.csproj", "{F2E02AB0-D02A-464E-9470-366F2B965DC4}"
EndProject
Project("{2150E333-8FDC-42A3-9474-1A3956D46DE8}") = "UI", "UI", "{8D219EE2-E349-45DD-A6C3-ED18C6476893}"
EndProject
Project("{2150E333-8FDC-42A3-9474-1A3956D46DE8}") = "Backend", "Backend", "{4A213B90-BBFA-42BC-831C-E1C8EA50F8DA}"
EndProject
Project("{FAE04EC0-301F-11D3-BF4B-00C04F79EFBC}") = "SIS.Canil.Servicos", "SIS.Canil.Servicos\SIS.Canil.Servicos.csproj", "{EF2C52FF-0427-4F72-97A0-7135D9EE41C2}"
EndProject
Global
	GlobalSection(SolutionConfigurationPlatforms) = preSolution
		Debug|Any CPU = Debug|Any CPU
		Release|Any CPU = Release|Any CPU
	EndGlobalSection
	GlobalSection(ProjectConfigurationPlatforms) = postSolution
		{BA42BB25-FE76-4E5B-A6A3-3A4538CA7136}.Debug|Any CPU.ActiveCfg = Debug|Any CPU
		{BA42BB25-FE76-4E5B-A6A3-3A4538CA7136}.Debug|Any CPU.Build.0 = Debug|Any CPU
		{BA42BB25-FE76-4E5B-A6A3-3A4538CA7136}.Release|Any CPU.ActiveCfg = Release|Any CPU
		{BA42BB25-FE76-4E5B-A6A3-3A4538CA7136}.Release|Any CPU.Build.0 = Release|Any CPU
		{F44951FA-F8AA-438B-8C56-712161AA1DF2}.Debug|Any CPU.ActiveCfg = Debug|Any CPU
		{F44951FA-F8AA-438B-8C56-712161AA1DF2}.Debug|Any CPU.Build.0 = Debug|Any CPU
		{F44951FA-F8AA-438B-8C56-712161AA1DF2}.Release|Any CPU.ActiveCfg = Release|Any CPU
		{F44951FA-F8AA-438B-8C56-712161AA1DF2}.Release|Any CPU.Build.0 = Release|Any CPU
		{F2E02AB0-D02A-464E-9470-366F2B965DC4}.Debug|Any CPU.ActiveCfg = Debug|Any CPU
		{F2E02AB0-D02A-464E-9470-366F2B965DC4}.Debug|Any CPU.Build.0 = Debug|Any CPU
		{F2E02AB0-D02A-464E-9470-366F2B965DC4}.Release|Any CPU.ActiveCfg = Release|Any CPU
		{F2E02AB0-D02A-464E-9470-366F2B965DC4}.Release|Any CPU.Build.0 = Release|Any CPU
		{EF2C52FF-0427-4F72-97A0-7135D9EE41C2}.Debug|Any CPU.ActiveCfg = Debug|Any CPU
		{EF2C52FF-0427-4F72-97A0-7135D9EE41C2}.Debug|Any CPU.Build.0 = Debug|Any CPU
		{EF2C52FF-0427-4F72-97A0-7135D9EE41C2}.Release|Any CPU.ActiveCfg = Release|Any CPU
		{EF2C52FF-0427-4F72-97A0-7135D9EE41C2}.Release|Any CPU.Build.0 = Release|Any CPU
	EndGlobalSection
	GlobalSection(NestedProjects) = preSolution
		{F44951FA-F8AA-438B-8C56-712161AA1DF2} = {4A213B90-BBFA-42BC-831C-E1C8EA50F8DA}
		{BA42BB25-FE76-4E5B-A6A3-3A4538CA7136} = {4A213B90-BBFA-42BC-831C-E1C8EA50F8DA}
		{F2E02AB0-D02A-464E-9470-366F2B965DC4} = {4A213B90-BBFA-42BC-831C-E1C8EA50F8DA}
		{EF2C52FF-0427-4F72-97A0-7135D9EE41C2} = {4A213B90-BBFA-42BC-831C-E1C8EA50F8DA}
	EndGlobalSection
EndGlobal
